
Microsoft Visual Studio Solution File, Format Version 12.00
# Visual Studio Version 17
VisualStudioVersion = 17.5.002.0
MinimumVisualStudioVersion = 10.0.40219.1
Project("{9A19103F-16F7-4668-BE54-9A1E7A4F7556}") = "lox", "lox.csproj", "{38F69392-3022-4CC4-9C93-A446253CDB4E}"
EndProject
Global
	GlobalSection(SolutionConfigurationPlatforms) = preSolution
		Debug|Any CPU = Debug|Any CPU
		Release|Any CPU = Release|Any CPU
	EndGlobalSection
	GlobalSection(ProjectConfigurationPlatforms) = postSolution
		{38F69392-3022-4CC4-9C93-A446253CDB4E}.Debug|Any CPU.ActiveCfg = Debug|Any CPU
		{38F69392-3022-4CC4-9C93-A446253CDB4E}.Debug|Any CPU.Build.0 = Debug|Any CPU
		{38F69392-3022-4CC4-9C93-A446253CDB4E}.Release|Any CPU.ActiveCfg = Release|Any CPU
		{38F69392-3022-4CC4-9C93-A446253CDB4E}.Release|Any CPU.Build.0 = Release|Any CPU
	EndGlobalSection
	GlobalSection(SolutionProperties) = preSolution
		HideSolutionNode = FALSE
	EndGlobalSection
	GlobalSection(ExtensibilityGlobals) = postSolution
		SolutionGuid = {9B9F1D52-AEDB-479D-83CF-A80494314EFD}
	EndGlobalSection
EndGlobal
